
Microsoft Visual Studio Solution File, Format Version 12.00
# Visual Studio Version 17
VisualStudioVersion = 17.3.32811.315
MinimumVisualStudioVersion = 10.0.40219.1
Project("{FAE04EC0-301F-11D3-BF4B-00C04F79EFBC}") = "AmosChess", "AmosChess\AmosChess.csproj", "{9165EE38-CBD0-43CA-9208-5AB261A559DF}"
EndProject
Project("{FAE04EC0-301F-11D3-BF4B-00C04F79EFBC}") = "Pawn", "Pawn\Pawn.csproj", "{B4350750-695D-43D4-9D43-A124098D0AAD}"
EndProject
Project("{FAE04EC0-301F-11D3-BF4B-00C04F79EFBC}") = "Game", "Game\Game.csproj", "{1DF577E9-64FA-4745-9812-6A3637937DC9}"
EndProject
Project("{FAE04EC0-301F-11D3-BF4B-00C04F79EFBC}") = "Table", "Table\Table.csproj", "{DB0D72D6-8DD4-4091-89B3-AE45280EAC0B}"
EndProject
Global
	GlobalSection(SolutionConfigurationPlatforms) = preSolution
		Debug|Any CPU = Debug|Any CPU
		Release|Any CPU = Release|Any CPU
	EndGlobalSection
	GlobalSection(ProjectConfigurationPlatforms) = postSolution
		{9165EE38-CBD0-43CA-9208-5AB261A559DF}.Debug|Any CPU.ActiveCfg = Debug|Any CPU
		{9165EE38-CBD0-43CA-9208-5AB261A559DF}.Debug|Any CPU.Build.0 = Debug|Any CPU
		{9165EE38-CBD0-43CA-9208-5AB261A559DF}.Release|Any CPU.ActiveCfg = Release|Any CPU
		{9165EE38-CBD0-43CA-9208-5AB261A559DF}.Release|Any CPU.Build.0 = Release|Any CPU
		{B4350750-695D-43D4-9D43-A124098D0AAD}.Debug|Any CPU.ActiveCfg = Debug|Any CPU
		{B4350750-695D-43D4-9D43-A124098D0AAD}.Debug|Any CPU.Build.0 = Debug|Any CPU
		{B4350750-695D-43D4-9D43-A124098D0AAD}.Release|Any CPU.ActiveCfg = Release|Any CPU
		{B4350750-695D-43D4-9D43-A124098D0AAD}.Release|Any CPU.Build.0 = Release|Any CPU
		{1DF577E9-64FA-4745-9812-6A3637937DC9}.Debug|Any CPU.ActiveCfg = Debug|Any CPU
		{1DF577E9-64FA-4745-9812-6A3637937DC9}.Debug|Any CPU.Build.0 = Debug|Any CPU
		{1DF577E9-64FA-4745-9812-6A3637937DC9}.Release|Any CPU.ActiveCfg = Release|Any CPU
		{1DF577E9-64FA-4745-9812-6A3637937DC9}.Release|Any CPU.Build.0 = Release|Any CPU
		{DB0D72D6-8DD4-4091-89B3-AE45280EAC0B}.Debug|Any CPU.ActiveCfg = Debug|Any CPU
		{DB0D72D6-8DD4-4091-89B3-AE45280EAC0B}.Debug|Any CPU.Build.0 = Debug|Any CPU
		{DB0D72D6-8DD4-4091-89B3-AE45280EAC0B}.Release|Any CPU.ActiveCfg = Release|Any CPU
		{DB0D72D6-8DD4-4091-89B3-AE45280EAC0B}.Release|Any CPU.Build.0 = Release|Any CPU
	EndGlobalSection
	GlobalSection(SolutionProperties) = preSolution
		HideSolutionNode = FALSE
	EndGlobalSection
	GlobalSection(ExtensibilityGlobals) = postSolution
		SolutionGuid = {FFA88CAE-E891-41AA-8E80-B41D9FB9D0CB}
	EndGlobalSection
EndGlobal
